<?xml version="1.0" encoding="utf-8"?>
<Project ToolsVersion="4.0" xmlns="http://schemas.microsoft.com/developer/msbuild/2003">
  <ItemGroup>
    <ClCompile Include="..\..\..\Code\Torch\Torch7\PipeFile.c" />
    <ClCompile Include="..\..\..\Code\Torch\Torch7\random.c" />
    <ClCompile Include="..\..\..\Code\Torch\Torch7\Storage.c" />
    <ClCompile Include="..\..\..\Code\Torch\Torch7\Tensor.c" />
    <ClCompile Include="..\..\..\Code\Torch\Torch7\TensorMath.c" />
    <ClCompile Include="..\..\..\Code\Torch\Torch7\TensorOperator.c" />
    <ClCompile Include="..\..\..\Code\Torch\Torch7\Timer.c" />
    <ClCompile Include="..\..\..\Code\Torch\Torch7\utils.c" />
    <ClCompile Include="..\..\..\Code\Torch\Torch7\DiskFile.c" />
    <ClCompile Include="..\..\..\Code\Torch\Torch7\File.c" />
    <ClCompile Include="..\..\..\Code\Torch\Torch7\Generator.c" />
    <ClCompile Include="..\..\..\Code\Torch\Torch7\init.c" />
    <ClCompile Include="..\..\..\Code\Torch\Torch7\MemoryFile.c" />
    <ClCompile Include="..\..\..\Code\Torch\Torch7\generic\Storage.c">
      <Filter>generic</Filter>
    </ClCompile>
    <ClCompile Include="..\..\..\Code\Torch\Torch7\generic\TensorOperator.c">
      <Filter>generic</Filter>
    </ClCompile>
    <ClCompile Include="..\..\..\Code\Torch\Torch7\generic\Tensor.c">
      <Filter>generic</Filter>
    </ClCompile>
  </ItemGroup>
  <ItemGroup>
    <ClInclude Include="..\..\..\Code\Torch\Torch7\utils.h" />
    <ClInclude Include="..\..\..\Code\Torch\Torch7\general.h" />
    <ClInclude Include="..\..\..\Code\Torch\Torch7\generic\luaG.h">
      <Filter>generic</Filter>
    </ClInclude>
  </ItemGroup>
  <ItemGroup>
    <Filter Include="generic">
      <UniqueIdentifier>{0b3da177-b4b3-4996-bf9e-883a541ead1c}</UniqueIdentifier>
    </Filter>
  </ItemGroup>
</Project>