
Microsoft Visual Studio Solution File, Format Version 12.00
# Visual Studio 14
VisualStudioVersion = 14.0.25420.1
MinimumVisualStudioVersion = 10.0.40219.1
Project("{8BC9CEB8-8B4A-11D0-8D11-00A0C91BC942}") = "LuaJIT", "LuaJIT\LuaJIT.vcxproj", "{223C2239-0C0B-4F55-B478-212523DA8461}"
	ProjectSection(ProjectDependencies) = postProject
		{740BC2C6-4EE8-4FBB-8372-4008803F73F6} = {740BC2C6-4EE8-4FBB-8372-4008803F73F6}
	EndProjectSection
EndProject
Project("{8BC9CEB8-8B4A-11D0-8D11-00A0C91BC942}") = "BuildVM", "BuildVM\BuildVM.vcxproj", "{740BC2C6-4EE8-4FBB-8372-4008803F73F6}"
	ProjectSection(ProjectDependencies) = postProject
		{1E9E5A88-3B8D-4066-B5F6-CE9A3126B5BC} = {1E9E5A88-3B8D-4066-B5F6-CE9A3126B5BC}
	EndProjectSection
EndProject
Project("{8BC9CEB8-8B4A-11D0-8D11-00A0C91BC942}") = "MiniLua", "MiniLua\MiniLua.vcxproj", "{1E9E5A88-3B8D-4066-B5F6-CE9A3126B5BC}"
EndProject
Project("{8BC9CEB8-8B4A-11D0-8D11-00A0C91BC942}") = "LuaExe", "LuaExe\LuaExe.vcxproj", "{1AD0DCB8-4EB7-4D72-AF5E-387D630F3A4C}"
EndProject
Project("{8BC9CEB8-8B4A-11D0-8D11-00A0C91BC942}") = "AStar", "AStar\AStar.vcxproj", "{3367157B-6177-4AB9-977E-F9A4DCAD8FBA}"
EndProject
Project("{2150E333-8FDC-42A3-9474-1A3956D46DE8}") = "Example", "Example", "{A2DE07C8-6906-421F-BDBB-18570DC86354}"
EndProject
Project("{2150E333-8FDC-42A3-9474-1A3956D46DE8}") = "Lua", "Lua", "{29297D71-172A-4C37-8EC1-9B6736BE3ACE}"
EndProject
Project("{2150E333-8FDC-42A3-9474-1A3956D46DE8}") = "Torch", "Torch", "{50570A08-4206-4A9D-8BCA-0C7D7177B879}"
EndProject
Project("{8BC9CEB8-8B4A-11D0-8D11-00A0C91BC942}") = "LuaT", "LuaT\LuaT.vcxproj", "{2821D94A-99E5-409E-A789-EFA1B66DED2E}"
EndProject
Project("{8BC9CEB8-8B4A-11D0-8D11-00A0C91BC942}") = "TH", "TH\TH.vcxproj", "{E91EEF44-72EE-41E9-B2E9-09356FFF01F3}"
EndProject
Project("{8BC9CEB8-8B4A-11D0-8D11-00A0C91BC942}") = "Torch7", "Torch7\Torch7.vcxproj", "{E6CE008C-ADE2-48B9-8D1C-28509F097E31}"
	ProjectSection(ProjectDependencies) = postProject
		{496FA65A-BC31-4432-80AE-6B2F789BB5FA} = {496FA65A-BC31-4432-80AE-6B2F789BB5FA}
	EndProjectSection
EndProject
Project("{8BC9CEB8-8B4A-11D0-8D11-00A0C91BC942}") = "TorchTest", "TorchTest\TorchTest.vcxproj", "{70318A97-0270-4C3F-8E8A-5FA19E1A3EC7}"
EndProject
Project("{8BC9CEB8-8B4A-11D0-8D11-00A0C91BC942}") = "Sys", "Sys\Sys.vcxproj", "{54E52C3D-3787-4B61-8ADE-514FFE5B858F}"
EndProject
Project("{8BC9CEB8-8B4A-11D0-8D11-00A0C91BC942}") = "THNN", "THNN\THNN.vcxproj", "{496FA65A-BC31-4432-80AE-6B2F789BB5FA}"
EndProject
Project("{8BC9CEB8-8B4A-11D0-8D11-00A0C91BC942}") = "Image", "Image\Image.vcxproj", "{C64072CD-7C9B-4B29-A6E6-35AAD481A832}"
EndProject
Project("{8BC9CEB8-8B4A-11D0-8D11-00A0C91BC942}") = "Cjson", "Cjson\Cjson.vcxproj", "{92FC2B40-EB12-40C2-9BFE-3AAED03A1089}"
EndProject
Project("{2150E333-8FDC-42A3-9474-1A3956D46DE8}") = "Other", "Other", "{B3C835EE-BCD1-4E0D-9750-EE53354BF864}"
EndProject
Global
	GlobalSection(SolutionConfigurationPlatforms) = preSolution
		Debug|x64 = Debug|x64
		Debug|x86 = Debug|x86
		Release|x64 = Release|x64
		Release|x86 = Release|x86
	EndGlobalSection
	GlobalSection(ProjectConfigurationPlatforms) = postSolution
		{223C2239-0C0B-4F55-B478-212523DA8461}.Debug|x64.ActiveCfg = Debug|x64
		{223C2239-0C0B-4F55-B478-212523DA8461}.Debug|x64.Build.0 = Debug|x64
		{223C2239-0C0B-4F55-B478-212523DA8461}.Debug|x86.ActiveCfg = Debug|x64
		{223C2239-0C0B-4F55-B478-212523DA8461}.Release|x64.ActiveCfg = Release|x64
		{223C2239-0C0B-4F55-B478-212523DA8461}.Release|x64.Build.0 = Release|x64
		{223C2239-0C0B-4F55-B478-212523DA8461}.Release|x86.ActiveCfg = Release|x64
		{740BC2C6-4EE8-4FBB-8372-4008803F73F6}.Debug|x64.ActiveCfg = Debug|x64
		{740BC2C6-4EE8-4FBB-8372-4008803F73F6}.Debug|x64.Build.0 = Debug|x64
		{740BC2C6-4EE8-4FBB-8372-4008803F73F6}.Debug|x86.ActiveCfg = Debug|x64
		{740BC2C6-4EE8-4FBB-8372-4008803F73F6}.Release|x64.ActiveCfg = Release|x64
		{740BC2C6-4EE8-4FBB-8372-4008803F73F6}.Release|x64.Build.0 = Release|x64
		{740BC2C6-4EE8-4FBB-8372-4008803F73F6}.Release|x86.ActiveCfg = Release|x64
		{1E9E5A88-3B8D-4066-B5F6-CE9A3126B5BC}.Debug|x64.ActiveCfg = Debug|x64
		{1E9E5A88-3B8D-4066-B5F6-CE9A3126B5BC}.Debug|x64.Build.0 = Debug|x64
		{1E9E5A88-3B8D-4066-B5F6-CE9A3126B5BC}.Debug|x86.ActiveCfg = Debug|x64
		{1E9E5A88-3B8D-4066-B5F6-CE9A3126B5BC}.Release|x64.ActiveCfg = Release|x64
		{1E9E5A88-3B8D-4066-B5F6-CE9A3126B5BC}.Release|x64.Build.0 = Release|x64
		{1E9E5A88-3B8D-4066-B5F6-CE9A3126B5BC}.Release|x86.ActiveCfg = Release|x64
		{1AD0DCB8-4EB7-4D72-AF5E-387D630F3A4C}.Debug|x64.ActiveCfg = Debug|x64
		{1AD0DCB8-4EB7-4D72-AF5E-387D630F3A4C}.Debug|x64.Build.0 = Debug|x64
		{1AD0DCB8-4EB7-4D72-AF5E-387D630F3A4C}.Debug|x86.ActiveCfg = Debug|x64
		{1AD0DCB8-4EB7-4D72-AF5E-387D630F3A4C}.Release|x64.ActiveCfg = Release|x64
		{1AD0DCB8-4EB7-4D72-AF5E-387D630F3A4C}.Release|x64.Build.0 = Release|x64
		{1AD0DCB8-4EB7-4D72-AF5E-387D630F3A4C}.Release|x86.ActiveCfg = Release|x64
		{3367157B-6177-4AB9-977E-F9A4DCAD8FBA}.Debug|x64.ActiveCfg = Debug|x64
		{3367157B-6177-4AB9-977E-F9A4DCAD8FBA}.Debug|x64.Build.0 = Debug|x64
		{3367157B-6177-4AB9-977E-F9A4DCAD8FBA}.Debug|x86.ActiveCfg = Debug|x64
		{3367157B-6177-4AB9-977E-F9A4DCAD8FBA}.Release|x64.ActiveCfg = Release|x64
		{3367157B-6177-4AB9-977E-F9A4DCAD8FBA}.Release|x64.Build.0 = Release|x64
		{3367157B-6177-4AB9-977E-F9A4DCAD8FBA}.Release|x86.ActiveCfg = Release|x64
		{2821D94A-99E5-409E-A789-EFA1B66DED2E}.Debug|x64.ActiveCfg = Debug|x64
		{2821D94A-99E5-409E-A789-EFA1B66DED2E}.Debug|x64.Build.0 = Debug|x64
		{2821D94A-99E5-409E-A789-EFA1B66DED2E}.Debug|x86.ActiveCfg = Debug|x64
		{2821D94A-99E5-409E-A789-EFA1B66DED2E}.Release|x64.ActiveCfg = Release|x64
		{2821D94A-99E5-409E-A789-EFA1B66DED2E}.Release|x64.Build.0 = Release|x64
		{2821D94A-99E5-409E-A789-EFA1B66DED2E}.Release|x86.ActiveCfg = Release|x64
		{E91EEF44-72EE-41E9-B2E9-09356FFF01F3}.Debug|x64.ActiveCfg = Debug|x64
		{E91EEF44-72EE-41E9-B2E9-09356FFF01F3}.Debug|x64.Build.0 = Debug|x64
		{E91EEF44-72EE-41E9-B2E9-09356FFF01F3}.Debug|x86.ActiveCfg = Debug|Win32
		{E91EEF44-72EE-41E9-B2E9-09356FFF01F3}.Debug|x86.Build.0 = Debug|Win32
		{E91EEF44-72EE-41E9-B2E9-09356FFF01F3}.Release|x64.ActiveCfg = Release|x64
		{E91EEF44-72EE-41E9-B2E9-09356FFF01F3}.Release|x64.Build.0 = Release|x64
		{E91EEF44-72EE-41E9-B2E9-09356FFF01F3}.Release|x86.ActiveCfg = Release|Win32
		{E91EEF44-72EE-41E9-B2E9-09356FFF01F3}.Release|x86.Build.0 = Release|Win32
		{E6CE008C-ADE2-48B9-8D1C-28509F097E31}.Debug|x64.ActiveCfg = Debug|x64
		{E6CE008C-ADE2-48B9-8D1C-28509F097E31}.Debug|x64.Build.0 = Debug|x64
		{E6CE008C-ADE2-48B9-8D1C-28509F097E31}.Debug|x86.ActiveCfg = Debug|x64
		{E6CE008C-ADE2-48B9-8D1C-28509F097E31}.Release|x64.ActiveCfg = Release|x64
		{E6CE008C-ADE2-48B9-8D1C-28509F097E31}.Release|x64.Build.0 = Release|x64
		{E6CE008C-ADE2-48B9-8D1C-28509F097E31}.Release|x86.ActiveCfg = Release|x64
		{70318A97-0270-4C3F-8E8A-5FA19E1A3EC7}.Debug|x64.ActiveCfg = Debug|x64
		{70318A97-0270-4C3F-8E8A-5FA19E1A3EC7}.Debug|x64.Build.0 = Debug|x64
		{70318A97-0270-4C3F-8E8A-5FA19E1A3EC7}.Debug|x86.ActiveCfg = Debug|x64
		{70318A97-0270-4C3F-8E8A-5FA19E1A3EC7}.Release|x64.ActiveCfg = Release|x64
		{70318A97-0270-4C3F-8E8A-5FA19E1A3EC7}.Release|x64.Build.0 = Release|x64
		{70318A97-0270-4C3F-8E8A-5FA19E1A3EC7}.Release|x86.ActiveCfg = Release|x64
		{54E52C3D-3787-4B61-8ADE-514FFE5B858F}.Debug|x64.ActiveCfg = Debug|x64
		{54E52C3D-3787-4B61-8ADE-514FFE5B858F}.Debug|x64.Build.0 = Debug|x64
		{54E52C3D-3787-4B61-8ADE-514FFE5B858F}.Debug|x86.ActiveCfg = Debug|x64
		{54E52C3D-3787-4B61-8ADE-514FFE5B858F}.Release|x64.ActiveCfg = Release|x64
		{54E52C3D-3787-4B61-8ADE-514FFE5B858F}.Release|x64.Build.0 = Release|x64
		{54E52C3D-3787-4B61-8ADE-514FFE5B858F}.Release|x86.ActiveCfg = Release|x64
		{496FA65A-BC31-4432-80AE-6B2F789BB5FA}.Debug|x64.ActiveCfg = Debug|x64
		{496FA65A-BC31-4432-80AE-6B2F789BB5FA}.Debug|x64.Build.0 = Debug|x64
		{496FA65A-BC31-4432-80AE-6B2F789BB5FA}.Debug|x86.ActiveCfg = Debug|x64
		{496FA65A-BC31-4432-80AE-6B2F789BB5FA}.Release|x64.ActiveCfg = Release|x64
		{496FA65A-BC31-4432-80AE-6B2F789BB5FA}.Release|x64.Build.0 = Release|x64
		{496FA65A-BC31-4432-80AE-6B2F789BB5FA}.Release|x86.ActiveCfg = Release|x64
		{C64072CD-7C9B-4B29-A6E6-35AAD481A832}.Debug|x64.ActiveCfg = Debug|x64
		{C64072CD-7C9B-4B29-A6E6-35AAD481A832}.Debug|x64.Build.0 = Debug|x64
		{C64072CD-7C9B-4B29-A6E6-35AAD481A832}.Debug|x86.ActiveCfg = Debug|x64
		{C64072CD-7C9B-4B29-A6E6-35AAD481A832}.Release|x64.ActiveCfg = Release|x64
		{C64072CD-7C9B-4B29-A6E6-35AAD481A832}.Release|x64.Build.0 = Release|x64
		{C64072CD-7C9B-4B29-A6E6-35AAD481A832}.Release|x86.ActiveCfg = Release|x64
		{92FC2B40-EB12-40C2-9BFE-3AAED03A1089}.Debug|x64.ActiveCfg = Debug|x64
		{92FC2B40-EB12-40C2-9BFE-3AAED03A1089}.Debug|x64.Build.0 = Debug|x64
		{92FC2B40-EB12-40C2-9BFE-3AAED03A1089}.Debug|x86.ActiveCfg = Debug|x64
		{92FC2B40-EB12-40C2-9BFE-3AAED03A1089}.Release|x64.ActiveCfg = Release|x64
		{92FC2B40-EB12-40C2-9BFE-3AAED03A1089}.Release|x64.Build.0 = Release|x64
		{92FC2B40-EB12-40C2-9BFE-3AAED03A1089}.Release|x86.ActiveCfg = Release|x64
	EndGlobalSection
	GlobalSection(SolutionProperties) = preSolution
		HideSolutionNode = FALSE
	EndGlobalSection
	GlobalSection(NestedProjects) = preSolution
		{223C2239-0C0B-4F55-B478-212523DA8461} = {29297D71-172A-4C37-8EC1-9B6736BE3ACE}
		{740BC2C6-4EE8-4FBB-8372-4008803F73F6} = {29297D71-172A-4C37-8EC1-9B6736BE3ACE}
		{1E9E5A88-3B8D-4066-B5F6-CE9A3126B5BC} = {29297D71-172A-4C37-8EC1-9B6736BE3ACE}
		{1AD0DCB8-4EB7-4D72-AF5E-387D630F3A4C} = {29297D71-172A-4C37-8EC1-9B6736BE3ACE}
		{3367157B-6177-4AB9-977E-F9A4DCAD8FBA} = {A2DE07C8-6906-421F-BDBB-18570DC86354}
		{2821D94A-99E5-409E-A789-EFA1B66DED2E} = {50570A08-4206-4A9D-8BCA-0C7D7177B879}
		{E91EEF44-72EE-41E9-B2E9-09356FFF01F3} = {50570A08-4206-4A9D-8BCA-0C7D7177B879}
		{E6CE008C-ADE2-48B9-8D1C-28509F097E31} = {50570A08-4206-4A9D-8BCA-0C7D7177B879}
		{70318A97-0270-4C3F-8E8A-5FA19E1A3EC7} = {A2DE07C8-6906-421F-BDBB-18570DC86354}
		{54E52C3D-3787-4B61-8ADE-514FFE5B858F} = {50570A08-4206-4A9D-8BCA-0C7D7177B879}
		{496FA65A-BC31-4432-80AE-6B2F789BB5FA} = {50570A08-4206-4A9D-8BCA-0C7D7177B879}
		{C64072CD-7C9B-4B29-A6E6-35AAD481A832} = {50570A08-4206-4A9D-8BCA-0C7D7177B879}
		{92FC2B40-EB12-40C2-9BFE-3AAED03A1089} = {B3C835EE-BCD1-4E0D-9750-EE53354BF864}
	EndGlobalSection
EndGlobal
